
Microsoft Visual Studio Solution File, Format Version 12.00
# Visual Studio 15
VisualStudioVersion = 15.0.26430.14
MinimumVisualStudioVersion = 10.0.40219.1
Project("{FAE04EC0-301F-11D3-BF4B-00C04F79EFBC}") = "ComplexCalculator", "ComplexCalculator.csproj", "{75D70F12-D503-450E-9EC8-D32BE6491AEF}"
EndProject
Project("{FAE04EC0-301F-11D3-BF4B-00C04F79EFBC}") = "ComplexCalculator.Tests", "..\ComplexCalculator.Tests\ComplexCalculator.Tests.csproj", "{CC25CB24-373A-4CAE-8D71-AE09CD271C19}"
EndProject
Global
	GlobalSection(SolutionConfigurationPlatforms) = preSolution
		Debug|Any CPU = Debug|Any CPU
		Release|Any CPU = Release|Any CPU
	EndGlobalSection
	GlobalSection(ProjectConfigurationPlatforms) = postSolution
		{75D70F12-D503-450E-9EC8-D32BE6491AEF}.Debug|Any CPU.ActiveCfg = Debug|Any CPU
		{75D70F12-D503-450E-9EC8-D32BE6491AEF}.Debug|Any CPU.Build.0 = Debug|Any CPU
		{75D70F12-D503-450E-9EC8-D32BE6491AEF}.Release|Any CPU.ActiveCfg = Release|Any CPU
		{75D70F12-D503-450E-9EC8-D32BE6491AEF}.Release|Any CPU.Build.0 = Release|Any CPU
		{CC25CB24-373A-4CAE-8D71-AE09CD271C19}.Debug|Any CPU.ActiveCfg = Debug|Any CPU
		{CC25CB24-373A-4CAE-8D71-AE09CD271C19}.Debug|Any CPU.Build.0 = Debug|Any CPU
		{CC25CB24-373A-4CAE-8D71-AE09CD271C19}.Release|Any CPU.ActiveCfg = Release|Any CPU
		{CC25CB24-373A-4CAE-8D71-AE09CD271C19}.Release|Any CPU.Build.0 = Release|Any CPU
	EndGlobalSection
	GlobalSection(SolutionProperties) = preSolution
		HideSolutionNode = FALSE
	EndGlobalSection
EndGlobal
